<?xml version="1.0" encoding="utf-8"?>
<Project ToolsVersion="17.0" xmlns="http://schemas.microsoft.com/developer/msbuild/2003">
  <ItemGroup>
    <ClCompile Include="C:\Users\Indikor\Documents\UbisoftTorontoAPI_DEC102025Update\src\ContestAPI\SimpleController.cpp">
      <Filter>Source Files</Filter>
    </ClCompile>
    <ClCompile Include="C:\Users\Indikor\Documents\UbisoftTorontoAPI_DEC102025Update\src\ContestAPI\SimpleSound.cpp">
      <Filter>Source Files</Filter>
    </ClCompile>
    <ClCompile Include="C:\Users\Indikor\Documents\UbisoftTorontoAPI_DEC102025Update\src\ContestAPI\SimpleSprite.cpp">
      <Filter>Source Files</Filter>
    </ClCompile>
    <ClCompile Include="C:\Users\Indikor\Documents\UbisoftTorontoAPI_DEC102025Update\src\ContestAPI\app.cpp">
      <Filter>Source Files</Filter>
    </ClCompile>
    <ClCompile Include="C:\Users\Indikor\Documents\UbisoftTorontoAPI_DEC102025Update\src\ContestAPI\main.cpp">
      <Filter>Source Files</Filter>
    </ClCompile>
    <ClCompile Include="C:\Users\Indikor\Documents\UbisoftTorontoAPI_DEC102025Update\src\ContestAPI\vendor\miniaudio\miniaudio.cpp">
      <Filter>Source Files</Filter>
    </ClCompile>
    <ClCompile Include="C:\Users\Indikor\Documents\UbisoftTorontoAPI_DEC102025Update\src\ContestAPI\vendor\stb_image\stb_image.cpp">
      <Filter>Source Files</Filter>
    </ClCompile>
  </ItemGroup>
  <ItemGroup>
    <ClInclude Include="C:\Users\Indikor\Documents\UbisoftTorontoAPI_DEC102025Update\src\ContestAPI\AppSettings.h">
      <Filter>Header Files</Filter>
    </ClInclude>
    <ClInclude Include="C:\Users\Indikor\Documents\UbisoftTorontoAPI_DEC102025Update\src\ContestAPI\SimpleController.h">
      <Filter>Header Files</Filter>
    </ClInclude>
    <ClInclude Include="C:\Users\Indikor\Documents\UbisoftTorontoAPI_DEC102025Update\src\ContestAPI\SimpleSound.h">
      <Filter>Header Files</Filter>
    </ClInclude>
    <ClInclude Include="C:\Users\Indikor\Documents\UbisoftTorontoAPI_DEC102025Update\src\ContestAPI\SimpleSprite.h">
      <Filter>Header Files</Filter>
    </ClInclude>
    <ClInclude Include="C:\Users\Indikor\Documents\UbisoftTorontoAPI_DEC102025Update\src\ContestAPI\app.h">
      <Filter>Header Files</Filter>
    </ClInclude>
    <ClInclude Include="C:\Users\Indikor\Documents\UbisoftTorontoAPI_DEC102025Update\src\ContestAPI\freeglut_config.h">
      <Filter>Header Files</Filter>
    </ClInclude>
    <ClInclude Include="C:\Users\Indikor\Documents\UbisoftTorontoAPI_DEC102025Update\src\ContestAPI\main.h">
      <Filter>Header Files</Filter>
    </ClInclude>
  </ItemGroup>
  <ItemGroup>
    <CustomBuild Include="C:\Users\Indikor\Documents\UbisoftTorontoAPI_DEC102025Update\CMakeLists.txt" />
  </ItemGroup>
  <ItemGroup>
    <Filter Include="Header Files">
      <UniqueIdentifier>{9C10A2D6-1BC2-3E25-9EEC-814240B01C53}</UniqueIdentifier>
    </Filter>
    <Filter Include="Source Files">
      <UniqueIdentifier>{003ABD74-B8D7-3D85-A8E5-E5D4686830F5}</UniqueIdentifier>
    </Filter>
  </ItemGroup>
</Project>
