<?xml version="1.0" encoding="utf-8"?>
<Project ToolsVersion="17.0" xmlns="http://schemas.microsoft.com/developer/msbuild/2003">
  <ItemGroup>
    <ClCompile Include="C:\Users\Indikor\Documents\UbisoftTorontoAPI_DEC102025Update\src\Game\GameTest.cpp">
      <Filter>Source Files</Filter>
    </ClCompile>
    <ClCompile Include="ThreeDVisualiser.cpp">
      <Filter>Source Files</Filter>
    </ClCompile>
    <ClCompile Include="UDPPacketParser.h">
      <Filter>Headers</Filter>
    </ClCompile>
    <ClCompile Include="UDPPacketAuthenticator.cpp">
      <Filter>Source Files</Filter>
    </ClCompile>
    <ClCompile Include="UDPPacketParser.cpp">
      <Filter>Source Files</Filter>
    </ClCompile>
    <ClCompile Include="PhysicsComponent.h">
      <Filter>Headers\Components</Filter>
    </ClCompile>
    <ClCompile Include="GameEngine.cpp">
      <Filter>Source Files</Filter>
    </ClCompile>
    <ClCompile Include="StatComponent.h">
      <Filter>Headers\Components</Filter>
    </ClCompile>
    <ClCompile Include="UILabel.h">
      <Filter>Headers\Components</Filter>
    </ClCompile>
  </ItemGroup>
  <ItemGroup>
    <CustomBuild Include="C:\Users\Indikor\Documents\UbisoftTorontoAPI_DEC102025Update\CMakeLists.txt" />
  </ItemGroup>
  <ItemGroup>
    <Filter Include="Source Files">
      <UniqueIdentifier>{003ABD74-B8D7-3D85-A8E5-E5D4686830F5}</UniqueIdentifier>
    </Filter>
    <Filter Include="Headers">
      <UniqueIdentifier>{acb8ec37-6eb7-4728-ad01-f3e6f4a7ace3}</UniqueIdentifier>
    </Filter>
    <Filter Include="Headers\Components">
      <UniqueIdentifier>{5db2dc4d-35d2-44d0-b68b-0c61278985c0}</UniqueIdentifier>
    </Filter>
    <Filter Include="Headers\ECSBase">
      <UniqueIdentifier>{b82a46d8-6f5f-4500-a10c-b79e9110fdca}</UniqueIdentifier>
    </Filter>
    <Filter Include="Headers\Systems">
      <UniqueIdentifier>{a3066806-b6b6-430b-9129-1a7809e2d182}</UniqueIdentifier>
    </Filter>
  </ItemGroup>
  <ItemGroup>
    <ClInclude Include="GameEngine.h">
      <Filter>Headers</Filter>
    </ClInclude>
    <ClInclude Include="GameContext.h">
      <Filter>Headers</Filter>
    </ClInclude>
    <ClInclude Include="UDPServer.h">
      <Filter>Headers</Filter>
    </ClInclude>
    <ClInclude Include="UDPPacketAuthenticator.h">
      <Filter>Headers</Filter>
    </ClInclude>
    <ClInclude Include="ColliderComponent.h">
      <Filter>Headers\Components</Filter>
    </ClInclude>
    <ClInclude Include="MeshComponent.h">
      <Filter>Headers\Components</Filter>
    </ClInclude>
    <ClInclude Include="NetworkSystem.h">
      <Filter>Headers</Filter>
    </ClInclude>
    <ClInclude Include="System.h">
      <Filter>Headers</Filter>
    </ClInclude>
    <ClInclude Include="Sprite2DComponent.h">
      <Filter>Headers\Components</Filter>
    </ClInclude>
    <ClInclude Include="Physics2DComponent.h">
      <Filter>Headers\Components</Filter>
    </ClInclude>
    <ClInclude Include="GravityComponent.h">
      <Filter>Headers\Components</Filter>
    </ClInclude>
    <ClInclude Include="Components.h">
      <Filter>Headers\Components</Filter>
    </ClInclude>
    <ClInclude Include="ComponentArray.h">
      <Filter>Headers\ECSBase</Filter>
    </ClInclude>
    <ClInclude Include="ComponentManager.h">
      <Filter>Headers\ECSBase</Filter>
    </ClInclude>
    <ClInclude Include="Coordinator.h">
      <Filter>Headers\ECSBase</Filter>
    </ClInclude>
    <ClInclude Include="ECSBase.h">
      <Filter>Headers\ECSBase</Filter>
    </ClInclude>
    <ClInclude Include="EntityManager.h">
      <Filter>Headers\ECSBase</Filter>
    </ClInclude>
    <ClInclude Include="TransformComponent.h">
      <Filter>Headers\Components</Filter>
    </ClInclude>
    <ClInclude Include="SystemManager.h">
      <Filter>Headers\ECSBase</Filter>
    </ClInclude>
    <ClInclude Include="RenderSystem.cpp">
      <Filter>Source Files</Filter>
    </ClInclude>
    <ClInclude Include="AIComponent.h">
      <Filter>Headers\Components</Filter>
    </ClInclude>
    <ClInclude Include="ShapeFactory.h">
      <Filter>Headers</Filter>
    </ClInclude>
    <ClInclude Include="RenderSystem.h">
      <Filter>Headers</Filter>
    </ClInclude>
    <ClInclude Include="SystemsManager.h">
      <Filter>Headers</Filter>
    </ClInclude>
    <ClInclude Include="3DRenderSystem.h">
      <Filter>Headers\Systems</Filter>
    </ClInclude>
    <ClInclude Include="CollisionSystem.h">
      <Filter>Headers\Systems</Filter>
    </ClInclude>
    <ClInclude Include="UIRenderSystem.h">
      <Filter>Headers\Systems</Filter>
    </ClInclude>
    <ClInclude Include="AnimationSystem.h">
      <Filter>Headers\Systems</Filter>
    </ClInclude>
    <ClInclude Include="ScaleAnimComponent.h">
      <Filter>Headers\Components</Filter>
    </ClInclude>
    <ClInclude Include="ArcAnimComponent.h">
      <Filter>Headers\Components</Filter>
    </ClInclude>
    <ClInclude Include="MeshBuilder.h">
      <Filter>Headers</Filter>
    </ClInclude>
  </ItemGroup>
</Project>